
Microsoft Visual Studio Solution File, Format Version 12.00
Project("{FAE04EC0-301F-11D3-BF4B-00C04F79EFBC}") = "Futurum.Test", "src\Futurum.Test\Futurum.Test.csproj", "{4DF53C8F-6DF9-4BE1-99D1-19D26A65F1E9}"
EndProject
Project("{2150E333-8FDC-42A3-9474-1A3956D46DE8}") = "docs", "docs", "{3D7AAB21-9DB2-4CB1-B75B-8EA725EF1983}"
	ProjectSection(SolutionItems) = preProject
		README.md = README.md
		LICENSE = LICENSE
	EndProjectSection
EndProject
Project("{2150E333-8FDC-42A3-9474-1A3956D46DE8}") = "build", "build", "{A2CA104E-F0FF-4E84-A7A1-5701F45B3CE6}"
	ProjectSection(SolutionItems) = preProject
		Directory.Build.props = src\Directory.Build.props
		ci.yml = .github\workflows\ci.yml
		release.yml = .github\workflows\release.yml
	EndProjectSection
EndProject
Project("{2150E333-8FDC-42A3-9474-1A3956D46DE8}") = "tests", "tests", "{48A9AC0D-7FA4-4084-A707-153EF553485E}"
EndProject
Project("{FAE04EC0-301F-11D3-BF4B-00C04F79EFBC}") = "Futurum.Test.Tests", "Futurum.Test.Tests\Futurum.Test.Tests.csproj", "{CA4C29B2-9282-41FB-93E5-7667CD79C027}"
EndProject
Global
	GlobalSection(SolutionConfigurationPlatforms) = preSolution
		Debug|Any CPU = Debug|Any CPU
		Release|Any CPU = Release|Any CPU
	EndGlobalSection
	GlobalSection(ProjectConfigurationPlatforms) = postSolution
		{4DF53C8F-6DF9-4BE1-99D1-19D26A65F1E9}.Debug|Any CPU.ActiveCfg = Debug|Any CPU
		{4DF53C8F-6DF9-4BE1-99D1-19D26A65F1E9}.Debug|Any CPU.Build.0 = Debug|Any CPU
		{4DF53C8F-6DF9-4BE1-99D1-19D26A65F1E9}.Release|Any CPU.ActiveCfg = Release|Any CPU
		{4DF53C8F-6DF9-4BE1-99D1-19D26A65F1E9}.Release|Any CPU.Build.0 = Release|Any CPU
		{CA4C29B2-9282-41FB-93E5-7667CD79C027}.Debug|Any CPU.ActiveCfg = Debug|Any CPU
		{CA4C29B2-9282-41FB-93E5-7667CD79C027}.Debug|Any CPU.Build.0 = Debug|Any CPU
		{CA4C29B2-9282-41FB-93E5-7667CD79C027}.Release|Any CPU.ActiveCfg = Release|Any CPU
		{CA4C29B2-9282-41FB-93E5-7667CD79C027}.Release|Any CPU.Build.0 = Release|Any CPU
	EndGlobalSection
	GlobalSection(NestedProjects) = preSolution
		{CA4C29B2-9282-41FB-93E5-7667CD79C027} = {48A9AC0D-7FA4-4084-A707-153EF553485E}
	EndGlobalSection
EndGlobal
